
Microsoft Visual Studio Solution File, Format Version 12.00
# Visual Studio 15
VisualStudioVersion = 15.0.28307.1433
MinimumVisualStudioVersion = 10.0.40219.1
Project("{FAE04EC0-301F-11D3-BF4B-00C04F79EFBC}") = "MensajeroApp", "MensajeroApp\MensajeroApp.csproj", "{577C68A0-95F0-4B75-9B38-DB12BA5C8D03}"
EndProject
Project("{FAE04EC0-301F-11D3-BF4B-00C04F79EFBC}") = "MensajeroModelo", "MensajeroModelo\MensajeroModelo.csproj", "{67AED2EE-2FC1-42B9-B11A-926EA2135681}"
EndProject
Project("{FAE04EC0-301F-11D3-BF4B-00C04F79EFBC}") = "MensajeModel", "MensajeModel\MensajeModel.csproj", "{5C46CF73-5CF3-4874-82D4-3031CF8FC19A}"
EndProject
Global
	GlobalSection(SolutionConfigurationPlatforms) = preSolution
		Debug|Any CPU = Debug|Any CPU
		Release|Any CPU = Release|Any CPU
	EndGlobalSection
	GlobalSection(ProjectConfigurationPlatforms) = postSolution
		{577C68A0-95F0-4B75-9B38-DB12BA5C8D03}.Debug|Any CPU.ActiveCfg = Debug|Any CPU
		{577C68A0-95F0-4B75-9B38-DB12BA5C8D03}.Debug|Any CPU.Build.0 = Debug|Any CPU
		{577C68A0-95F0-4B75-9B38-DB12BA5C8D03}.Release|Any CPU.ActiveCfg = Release|Any CPU
		{577C68A0-95F0-4B75-9B38-DB12BA5C8D03}.Release|Any CPU.Build.0 = Release|Any CPU
		{67AED2EE-2FC1-42B9-B11A-926EA2135681}.Debug|Any CPU.ActiveCfg = Debug|Any CPU
		{67AED2EE-2FC1-42B9-B11A-926EA2135681}.Debug|Any CPU.Build.0 = Debug|Any CPU
		{67AED2EE-2FC1-42B9-B11A-926EA2135681}.Release|Any CPU.ActiveCfg = Release|Any CPU
		{67AED2EE-2FC1-42B9-B11A-926EA2135681}.Release|Any CPU.Build.0 = Release|Any CPU
		{5C46CF73-5CF3-4874-82D4-3031CF8FC19A}.Debug|Any CPU.ActiveCfg = Debug|Any CPU
		{5C46CF73-5CF3-4874-82D4-3031CF8FC19A}.Debug|Any CPU.Build.0 = Debug|Any CPU
		{5C46CF73-5CF3-4874-82D4-3031CF8FC19A}.Release|Any CPU.ActiveCfg = Release|Any CPU
		{5C46CF73-5CF3-4874-82D4-3031CF8FC19A}.Release|Any CPU.Build.0 = Release|Any CPU
	EndGlobalSection
	GlobalSection(SolutionProperties) = preSolution
		HideSolutionNode = FALSE
	EndGlobalSection
	GlobalSection(ExtensibilityGlobals) = postSolution
		SolutionGuid = {555C7830-6512-4CCD-967C-CFB29CDAD381}
	EndGlobalSection
EndGlobal
